
Microsoft Visual Studio Solution File, Format Version 12.00
# Visual Studio 15
VisualStudioVersion = 15.0.27428.2005
MinimumVisualStudioVersion = 10.0.40219.1
Project("{FAE04EC0-301F-11D3-BF4B-00C04F79EFBC}") = "Problem1", "Problem1.csproj", "{568A74C5-DFF9-4C88-9051-F40447606565}"
EndProject
Global
	GlobalSection(SolutionConfigurationPlatforms) = preSolution
		Debug|Any CPU = Debug|Any CPU
		Release|Any CPU = Release|Any CPU
	EndGlobalSection
	GlobalSection(ProjectConfigurationPlatforms) = postSolution
		{568A74C5-DFF9-4C88-9051-F40447606565}.Debug|Any CPU.ActiveCfg = Debug|Any CPU
		{568A74C5-DFF9-4C88-9051-F40447606565}.Debug|Any CPU.Build.0 = Debug|Any CPU
		{568A74C5-DFF9-4C88-9051-F40447606565}.Release|Any CPU.ActiveCfg = Release|Any CPU
		{568A74C5-DFF9-4C88-9051-F40447606565}.Release|Any CPU.Build.0 = Release|Any CPU
	EndGlobalSection
	GlobalSection(SolutionProperties) = preSolution
		HideSolutionNode = FALSE
	EndGlobalSection
	GlobalSection(ExtensibilityGlobals) = postSolution
		SolutionGuid = {335503B6-90CA-46D8-9975-6F68B9E70DCA}
	EndGlobalSection
EndGlobal
